{
  "version": 4,
  "terraform_version": "1.3.2",
  "serial": 23,
  "lineage": "183f2763-3219-6274-b389-1e35e882fb34",
  "outputs": {},
  "resources": [
    {
      "mode": "managed",
      "type": "ansible_host",
      "name": "bgp_ny",
      "provider": "provider[\"registry.terraform.io/ansible/ansible\"]",
      "instances": [
        {
          "schema_version": 0,
          "attributes": {
            "groups": [
              "bgp"
            ],
            "id": "bgp-ny-252e51f1-0a0a-5a4a-b225-78edbc78ad65",
            "name": "bgp-ny-252e51f1-0a0a-5a4a-b225-78edbc78ad65",
            "variables": {
              "ansible_host": "45.63.8.121",
              "ansible_user": "root",
              "host_v6": "2001:19f0:1000:6ca4:5400:04ff:fe9a:6b56"
            }
          },
          "sensitive_attributes": [],
          "private": "bnVsbA==",
          "dependencies": [
            "random_uuid.bgp_ny_v1_id",
            "vultr_instance.bgp_ny"
          ]
        }
      ]
    },
    {
      "mode": "managed",
      "type": "ansible_host",
      "name": "bgp_yto",
      "provider": "provider[\"registry.terraform.io/ansible/ansible\"]",
      "instances": [
        {
          "schema_version": 0,
          "attributes": {
            "groups": [
              "bgp"
            ],
            "id": "bgp-yto-62f8b336-79ce-dec2-0d4f-6f365004a882",
            "name": "bgp-yto-62f8b336-79ce-dec2-0d4f-6f365004a882",
            "variables": {
              "ansible_host": "155.138.141.219",
              "ansible_user": "root",
              "host_v6": "2001:19f0:b002:1007:5400:04ff:fe9a:6fef"
            }
          },
          "sensitive_attributes": [],
          "private": "bnVsbA==",
          "dependencies": [
            "random_uuid.bgp_yto_v1_id",
            "vultr_instance.bgp_yto"
          ]
        }
      ]
    },
    {
      "mode": "managed",
      "type": "random_uuid",
      "name": "bgp_ny_v1_id",
      "provider": "provider[\"registry.terraform.io/hashicorp/random\"]",
      "instances": [
        {
          "schema_version": 0,
          "attributes": {
            "id": "252e51f1-0a0a-5a4a-b225-78edbc78ad65",
            "keepers": null,
            "result": "252e51f1-0a0a-5a4a-b225-78edbc78ad65"
          },
          "sensitive_attributes": []
        }
      ]
    },
    {
      "mode": "managed",
      "type": "random_uuid",
      "name": "bgp_yto_v1_id",
      "provider": "provider[\"registry.terraform.io/hashicorp/random\"]",
      "instances": [
        {
          "schema_version": 0,
          "attributes": {
            "id": "62f8b336-79ce-dec2-0d4f-6f365004a882",
            "keepers": null,
            "result": "62f8b336-79ce-dec2-0d4f-6f365004a882"
          },
          "sensitive_attributes": []
        }
      ]
    },
    {
      "mode": "managed",
      "type": "vultr_instance",
      "name": "bgp_ny",
      "provider": "provider[\"registry.terraform.io/vultr/vultr\"]",
      "instances": [
        {
          "schema_version": 0,
          "attributes": {
            "activation_email": false,
            "allowed_bandwidth": 3,
            "app_id": 0,
            "backups": "disabled",
            "backups_schedule": [],
            "date_created": "2023-10-09T00:21:14+00:00",
            "ddos_protection": false,
            "default_password": "Hw@9B?5NgCu{4%]X",
            "disk": 25,
            "enable_ipv6": true,
            "features": [
              "ipv6"
            ],
            "firewall_group_id": "",
            "gateway_v4": "45.63.8.1",
            "hostname": "bgp-ny-252e51f1-0a0a-5a4a-b225-78edbc78ad65",
            "id": "8545d389-5e03-468d-a796-7c25787bdf46",
            "image_id": null,
            "internal_ip": "",
            "iso_id": null,
            "kvm": "https://my.vultr.com/subs/vps/novnc/api.php?data=djJ8Zm5qSm9kUEFXLWdxZC02QWNER1pCdlZObWNUVUNRLTZ8HuPlB0PdFjJ6ETrXwQufAfu1zsrxfB01SrIl40tKZC11myjIsriWZvkBhVlOX8ZNIf3eFRG3QaqDo0TAcjGqKwkoDOl3vqlzBi4ODjEi-LVtXOXP3Y3297WwGIsyXSdpwcW4vxr801izRTCR7CiX3pbCe-sZILi1YZwtiHHYR4y3ZWTNdfLyJ_O9pdwKoT8",
            "label": null,
            "main_ip": "45.63.8.121",
            "netmask_v4": "255.255.254.0",
            "os": "Debian 12 x64",
            "os_id": 2136,
            "plan": "vc2-1c-1gb",
            "power_status": "running",
            "private_network_ids": [],
            "ram": 1024,
            "region": "ewr",
            "reserved_ip_id": null,
            "script_id": null,
            "server_status": "ok",
            "snapshot_id": null,
            "ssh_key_ids": [
              "d7a4c254-4ba1-4368-a9d5-63d4fb2adeeb"
            ],
            "status": "active",
            "tags": [],
            "timeouts": null,
            "user_data": null,
            "v6_main_ip": "2001:19f0:1000:6ca4:5400:04ff:fe9a:6b56",
            "v6_network": "2001:19f0:1000:6ca4::",
            "v6_network_size": 64,
            "vcpu_count": 1,
            "vpc2_ids": null,
            "vpc_ids": []
          },
          "sensitive_attributes": [],
          "private": "eyJlMmJmYjczMC1lY2FhLTExZTYtOGY4OC0zNDM2M2JjN2M0YzAiOnsiY3JlYXRlIjozNjAwMDAwMDAwMDAwLCJ1cGRhdGUiOjM2MDAwMDAwMDAwMDB9fQ==",
          "dependencies": [
            "random_uuid.bgp_ny_v1_id"
          ]
        }
      ]
    },
    {
      "mode": "managed",
      "type": "vultr_instance",
      "name": "bgp_yto",
      "provider": "provider[\"registry.terraform.io/vultr/vultr\"]",
      "instances": [
        {
          "schema_version": 0,
          "attributes": {
            "activation_email": false,
            "allowed_bandwidth": 1,
            "app_id": 0,
            "backups": "disabled",
            "backups_schedule": [],
            "date_created": "2023-10-09T02:10:52+00:00",
            "ddos_protection": false,
            "default_password": "9zH,Xu?FwuBp6s-v",
            "disk": 25,
            "enable_ipv6": true,
            "features": [
              "ipv6"
            ],
            "firewall_group_id": "",
            "gateway_v4": "155.138.140.1",
            "hostname": "bgp-yto-62f8b336-79ce-dec2-0d4f-6f365004a882",
            "id": "7b70c07a-8209-4b6d-bc9e-2444a1345f56",
            "image_id": null,
            "internal_ip": "",
            "iso_id": null,
            "kvm": "https://my.vultr.com/subs/vps/novnc/api.php?data=djJ8OGdOSG1kamhjTmN5RTFrOHotdVN1T0hFZHlENjljc2x8s0GSl53UkHbrPHgVGrPZKC8_WDX1p3FwNXVZLUE62jKGoLY_wYDTQKTcWrl9wpjqRRvQnXsRtyKnFiQ2ffBxk0q1VlGOv_tHJOkfOzXwIqVQLTzEMkSZ3zEXjWm0BNfgCLpAOR2nW54_LQEQbxbUXFF_gK5lqsVo-KZBitERrgeFAInMdV91jLrjf5pMzg",
            "label": null,
            "main_ip": "155.138.141.219",
            "netmask_v4": "255.255.254.0",
            "os": "Debian 12 x64",
            "os_id": 2136,
            "plan": "vc2-1c-1gb",
            "power_status": "running",
            "private_network_ids": [],
            "ram": 1024,
            "region": "yto",
            "reserved_ip_id": null,
            "script_id": null,
            "server_status": "installingbooting",
            "snapshot_id": null,
            "ssh_key_ids": [
              "d7a4c254-4ba1-4368-a9d5-63d4fb2adeeb"
            ],
            "status": "active",
            "tags": null,
            "timeouts": null,
            "user_data": null,
            "v6_main_ip": "2001:19f0:b002:1007:5400:04ff:fe9a:6fef",
            "v6_network": "2001:19f0:b002:1007::",
            "v6_network_size": 64,
            "vcpu_count": 1,
            "vpc2_ids": null,
            "vpc_ids": []
          },
          "sensitive_attributes": [],
          "private": "eyJlMmJmYjczMC1lY2FhLTExZTYtOGY4OC0zNDM2M2JjN2M0YzAiOnsiY3JlYXRlIjozNjAwMDAwMDAwMDAwLCJ1cGRhdGUiOjM2MDAwMDAwMDAwMDB9fQ==",
          "dependencies": [
            "random_uuid.bgp_yto_v1_id"
          ]
        }
      ]
    }
  ],
  "check_results": []
}
